
Microsoft Visual Studio Solution File, Format Version 12.00
# Visual Studio 14
VisualStudioVersion = 14.0.23107.0
MinimumVisualStudioVersion = 10.0.40219.1
Project("{FAE04EC0-301F-11D3-BF4B-00C04F79EFBC}") = "NonInitClassMember_0", "NonInitClassMember_0.csproj", "{5D087AFF-E3E4-4A01-812F-8EEF1266E736}"
EndProject
Global
	GlobalSection(SolutionConfigurationPlatforms) = preSolution
		Debug|Any CPU = Debug|Any CPU
		Release|Any CPU = Release|Any CPU
	EndGlobalSection
	GlobalSection(ProjectConfigurationPlatforms) = postSolution
		{5D087AFF-E3E4-4A01-812F-8EEF1266E736}.Debug|Any CPU.ActiveCfg = Debug|Any CPU
		{5D087AFF-E3E4-4A01-812F-8EEF1266E736}.Debug|Any CPU.Build.0 = Debug|Any CPU
		{5D087AFF-E3E4-4A01-812F-8EEF1266E736}.Release|Any CPU.ActiveCfg = Release|Any CPU
		{5D087AFF-E3E4-4A01-812F-8EEF1266E736}.Release|Any CPU.Build.0 = Release|Any CPU
	EndGlobalSection
	GlobalSection(SolutionProperties) = preSolution
		HideSolutionNode = FALSE
	EndGlobalSection
EndGlobal
