
Microsoft Visual Studio Solution File, Format Version 12.00
# Visual Studio 14
VisualStudioVersion = 14.0.23107.0
MinimumVisualStudioVersion = 10.0.40219.1
Project("{FAE04EC0-301F-11D3-BF4B-00C04F79EFBC}") = "Scope_1", "Scope_1.csproj", "{B2B16254-307A-44C7-B1D9-D15497D8FFCB}"
EndProject
Global
	GlobalSection(SolutionConfigurationPlatforms) = preSolution
		Debug|Any CPU = Debug|Any CPU
		Release|Any CPU = Release|Any CPU
	EndGlobalSection
	GlobalSection(ProjectConfigurationPlatforms) = postSolution
		{B2B16254-307A-44C7-B1D9-D15497D8FFCB}.Debug|Any CPU.ActiveCfg = Debug|Any CPU
		{B2B16254-307A-44C7-B1D9-D15497D8FFCB}.Debug|Any CPU.Build.0 = Debug|Any CPU
		{B2B16254-307A-44C7-B1D9-D15497D8FFCB}.Release|Any CPU.ActiveCfg = Release|Any CPU
		{B2B16254-307A-44C7-B1D9-D15497D8FFCB}.Release|Any CPU.Build.0 = Release|Any CPU
	EndGlobalSection
	GlobalSection(SolutionProperties) = preSolution
		HideSolutionNode = FALSE
	EndGlobalSection
EndGlobal
