
Microsoft Visual Studio Solution File, Format Version 12.00
# Visual Studio 14
VisualStudioVersion = 14.0.23107.0
MinimumVisualStudioVersion = 10.0.40219.1
Project("{FAE04EC0-301F-11D3-BF4B-00C04F79EFBC}") = "ConstructorArgument_0", "ConstructorArgument_0.csproj", "{025E9B33-24AC-4318-B808-A66BC65B5537}"
EndProject
Global
	GlobalSection(SolutionConfigurationPlatforms) = preSolution
		Debug|Any CPU = Debug|Any CPU
		Release|Any CPU = Release|Any CPU
	EndGlobalSection
	GlobalSection(ProjectConfigurationPlatforms) = postSolution
		{025E9B33-24AC-4318-B808-A66BC65B5537}.Debug|Any CPU.ActiveCfg = Debug|Any CPU
		{025E9B33-24AC-4318-B808-A66BC65B5537}.Debug|Any CPU.Build.0 = Debug|Any CPU
		{025E9B33-24AC-4318-B808-A66BC65B5537}.Release|Any CPU.ActiveCfg = Release|Any CPU
		{025E9B33-24AC-4318-B808-A66BC65B5537}.Release|Any CPU.Build.0 = Release|Any CPU
	EndGlobalSection
	GlobalSection(SolutionProperties) = preSolution
		HideSolutionNode = FALSE
	EndGlobalSection
EndGlobal
